
Microsoft Visual Studio Solution File, Format Version 12.00
# Visual Studio Version 17
VisualStudioVersion = 17.2.32516.85
MinimumVisualStudioVersion = 10.0.40219.1
Project("{FAE04EC0-301F-11D3-BF4B-00C04F79EFBC}") = "SeleniumNUnitBasics", "SeleniumNUnitBasics\SeleniumNUnitBasics.csproj", "{0625D8EF-3259-49AE-9AD9-408B596CAA6E}"
EndProject
Project("{FAE04EC0-301F-11D3-BF4B-00C04F79EFBC}") = "DataDrivenTests", "DataDrivenTests\DataDrivenTests.csproj", "{D8CF2C57-EA32-4420-9D66-35E7AC3B5E51}"
EndProject
Project("{FAE04EC0-301F-11D3-BF4B-00C04F79EFBC}") = "WikipediaTests", "WikipediaTests\WikipediaTests.csproj", "{84987A99-0634-4AB4-B655-BDF087FF5FC5}"
EndProject
Global
	GlobalSection(SolutionConfigurationPlatforms) = preSolution
		Debug|Any CPU = Debug|Any CPU
		Release|Any CPU = Release|Any CPU
	EndGlobalSection
	GlobalSection(ProjectConfigurationPlatforms) = postSolution
		{0625D8EF-3259-49AE-9AD9-408B596CAA6E}.Debug|Any CPU.ActiveCfg = Debug|Any CPU
		{0625D8EF-3259-49AE-9AD9-408B596CAA6E}.Debug|Any CPU.Build.0 = Debug|Any CPU
		{0625D8EF-3259-49AE-9AD9-408B596CAA6E}.Release|Any CPU.ActiveCfg = Release|Any CPU
		{0625D8EF-3259-49AE-9AD9-408B596CAA6E}.Release|Any CPU.Build.0 = Release|Any CPU
		{D8CF2C57-EA32-4420-9D66-35E7AC3B5E51}.Debug|Any CPU.ActiveCfg = Debug|Any CPU
		{D8CF2C57-EA32-4420-9D66-35E7AC3B5E51}.Debug|Any CPU.Build.0 = Debug|Any CPU
		{D8CF2C57-EA32-4420-9D66-35E7AC3B5E51}.Release|Any CPU.ActiveCfg = Release|Any CPU
		{D8CF2C57-EA32-4420-9D66-35E7AC3B5E51}.Release|Any CPU.Build.0 = Release|Any CPU
		{84987A99-0634-4AB4-B655-BDF087FF5FC5}.Debug|Any CPU.ActiveCfg = Debug|Any CPU
		{84987A99-0634-4AB4-B655-BDF087FF5FC5}.Debug|Any CPU.Build.0 = Debug|Any CPU
		{84987A99-0634-4AB4-B655-BDF087FF5FC5}.Release|Any CPU.ActiveCfg = Release|Any CPU
		{84987A99-0634-4AB4-B655-BDF087FF5FC5}.Release|Any CPU.Build.0 = Release|Any CPU
	EndGlobalSection
	GlobalSection(SolutionProperties) = preSolution
		HideSolutionNode = FALSE
	EndGlobalSection
	GlobalSection(ExtensibilityGlobals) = postSolution
		SolutionGuid = {D73C1B47-620F-4392-910A-9DEF7EAB6C51}
	EndGlobalSection
EndGlobal
